
Microsoft Visual Studio Solution File, Format Version 12.00
# Visual Studio Version 17
VisualStudioVersion = 17.8.34330.188
MinimumVisualStudioVersion = 10.0.40219.1
Project("{2150E333-8FDC-42A3-9474-1A3956D46DE8}") = "Services", "Services", "{56C0126E-1C5A-436C-A8F1-92FBC7B3FABE}"
EndProject
Project("{2150E333-8FDC-42A3-9474-1A3956D46DE8}") = "Order", "Order", "{75DF9608-B12D-4B74-B97C-7BFE8672E091}"
EndProject
Project("{FAE04EC0-301F-11D3-BF4B-00C04F79EFBC}") = "Order.Api", "Services\Order\Order.Api\Order.Api.csproj", "{98EE07D7-E2E9-4107-84F7-F23833D92E52}"
EndProject
Project("{FAE04EC0-301F-11D3-BF4B-00C04F79EFBC}") = "Order.Core", "Services\Order\Order.Core\Order.Core.csproj", "{FAE35CD9-B895-4E30-9D3C-9D576D75E9C8}"
EndProject
Project("{FAE04EC0-301F-11D3-BF4B-00C04F79EFBC}") = "Order.Application", "Services\Order\Order.Application\Order.Application.csproj", "{DBE3B533-FD1A-4CA5-BD58-488F932D9DBB}"
EndProject
Project("{FAE04EC0-301F-11D3-BF4B-00C04F79EFBC}") = "Order.Infrastructure", "Services\Order\Order.Infrastructure\Order.Infrastructure.csproj", "{C0963DE1-EEEA-4564-A22F-1098125EDE14}"
EndProject
Project("{2150E333-8FDC-42A3-9474-1A3956D46DE8}") = "Email", "Email", "{71B27FA2-F4B4-45BF-A7E2-3C270F770626}"
EndProject
Project("{FAE04EC0-301F-11D3-BF4B-00C04F79EFBC}") = "Email.Api", "Services\Email\Email.Api\Email.Api.csproj", "{C3B97D9F-A9D7-4BC3-BD3C-D32453F2C9F2}"
EndProject
Project("{2150E333-8FDC-42A3-9474-1A3956D46DE8}") = "Payment", "Payment", "{BE36BC2C-B169-4AD3-9601-4A9F7A54A431}"
EndProject
Project("{FAE04EC0-301F-11D3-BF4B-00C04F79EFBC}") = "Payment.Api", "Services\Payment\Payment.Api\Payment.Api.csproj", "{E663FD84-AF1D-4990-B621-E48CB56494FA}"
EndProject
Project("{2150E333-8FDC-42A3-9474-1A3956D46DE8}") = "Shipping", "Shipping", "{80B8CFCD-4584-4950-89B4-2C7ECD95FF16}"
EndProject
Project("{FAE04EC0-301F-11D3-BF4B-00C04F79EFBC}") = "Shipping.Api", "Services\Shipping\Shipping.Api\Shipping.Api.csproj", "{D6AE221E-97B4-41BC-ACF6-D5C40CC41259}"
EndProject
Global
	GlobalSection(SolutionConfigurationPlatforms) = preSolution
		Debug|Any CPU = Debug|Any CPU
		Release|Any CPU = Release|Any CPU
	EndGlobalSection
	GlobalSection(ProjectConfigurationPlatforms) = postSolution
		{98EE07D7-E2E9-4107-84F7-F23833D92E52}.Debug|Any CPU.ActiveCfg = Debug|Any CPU
		{98EE07D7-E2E9-4107-84F7-F23833D92E52}.Debug|Any CPU.Build.0 = Debug|Any CPU
		{98EE07D7-E2E9-4107-84F7-F23833D92E52}.Release|Any CPU.ActiveCfg = Release|Any CPU
		{98EE07D7-E2E9-4107-84F7-F23833D92E52}.Release|Any CPU.Build.0 = Release|Any CPU
		{FAE35CD9-B895-4E30-9D3C-9D576D75E9C8}.Debug|Any CPU.ActiveCfg = Debug|Any CPU
		{FAE35CD9-B895-4E30-9D3C-9D576D75E9C8}.Debug|Any CPU.Build.0 = Debug|Any CPU
		{FAE35CD9-B895-4E30-9D3C-9D576D75E9C8}.Release|Any CPU.ActiveCfg = Release|Any CPU
		{FAE35CD9-B895-4E30-9D3C-9D576D75E9C8}.Release|Any CPU.Build.0 = Release|Any CPU
		{DBE3B533-FD1A-4CA5-BD58-488F932D9DBB}.Debug|Any CPU.ActiveCfg = Debug|Any CPU
		{DBE3B533-FD1A-4CA5-BD58-488F932D9DBB}.Debug|Any CPU.Build.0 = Debug|Any CPU
		{DBE3B533-FD1A-4CA5-BD58-488F932D9DBB}.Release|Any CPU.ActiveCfg = Release|Any CPU
		{DBE3B533-FD1A-4CA5-BD58-488F932D9DBB}.Release|Any CPU.Build.0 = Release|Any CPU
		{C0963DE1-EEEA-4564-A22F-1098125EDE14}.Debug|Any CPU.ActiveCfg = Debug|Any CPU
		{C0963DE1-EEEA-4564-A22F-1098125EDE14}.Debug|Any CPU.Build.0 = Debug|Any CPU
		{C0963DE1-EEEA-4564-A22F-1098125EDE14}.Release|Any CPU.ActiveCfg = Release|Any CPU
		{C0963DE1-EEEA-4564-A22F-1098125EDE14}.Release|Any CPU.Build.0 = Release|Any CPU
		{C3B97D9F-A9D7-4BC3-BD3C-D32453F2C9F2}.Debug|Any CPU.ActiveCfg = Debug|Any CPU
		{C3B97D9F-A9D7-4BC3-BD3C-D32453F2C9F2}.Debug|Any CPU.Build.0 = Debug|Any CPU
		{C3B97D9F-A9D7-4BC3-BD3C-D32453F2C9F2}.Release|Any CPU.ActiveCfg = Release|Any CPU
		{C3B97D9F-A9D7-4BC3-BD3C-D32453F2C9F2}.Release|Any CPU.Build.0 = Release|Any CPU
		{E663FD84-AF1D-4990-B621-E48CB56494FA}.Debug|Any CPU.ActiveCfg = Debug|Any CPU
		{E663FD84-AF1D-4990-B621-E48CB56494FA}.Debug|Any CPU.Build.0 = Debug|Any CPU
		{E663FD84-AF1D-4990-B621-E48CB56494FA}.Release|Any CPU.ActiveCfg = Release|Any CPU
		{E663FD84-AF1D-4990-B621-E48CB56494FA}.Release|Any CPU.Build.0 = Release|Any CPU
		{D6AE221E-97B4-41BC-ACF6-D5C40CC41259}.Debug|Any CPU.ActiveCfg = Debug|Any CPU
		{D6AE221E-97B4-41BC-ACF6-D5C40CC41259}.Debug|Any CPU.Build.0 = Debug|Any CPU
		{D6AE221E-97B4-41BC-ACF6-D5C40CC41259}.Release|Any CPU.ActiveCfg = Release|Any CPU
		{D6AE221E-97B4-41BC-ACF6-D5C40CC41259}.Release|Any CPU.Build.0 = Release|Any CPU
	EndGlobalSection
	GlobalSection(SolutionProperties) = preSolution
		HideSolutionNode = FALSE
	EndGlobalSection
	GlobalSection(NestedProjects) = preSolution
		{75DF9608-B12D-4B74-B97C-7BFE8672E091} = {56C0126E-1C5A-436C-A8F1-92FBC7B3FABE}
		{98EE07D7-E2E9-4107-84F7-F23833D92E52} = {75DF9608-B12D-4B74-B97C-7BFE8672E091}
		{FAE35CD9-B895-4E30-9D3C-9D576D75E9C8} = {75DF9608-B12D-4B74-B97C-7BFE8672E091}
		{DBE3B533-FD1A-4CA5-BD58-488F932D9DBB} = {75DF9608-B12D-4B74-B97C-7BFE8672E091}
		{C0963DE1-EEEA-4564-A22F-1098125EDE14} = {75DF9608-B12D-4B74-B97C-7BFE8672E091}
		{71B27FA2-F4B4-45BF-A7E2-3C270F770626} = {56C0126E-1C5A-436C-A8F1-92FBC7B3FABE}
		{C3B97D9F-A9D7-4BC3-BD3C-D32453F2C9F2} = {71B27FA2-F4B4-45BF-A7E2-3C270F770626}
		{BE36BC2C-B169-4AD3-9601-4A9F7A54A431} = {56C0126E-1C5A-436C-A8F1-92FBC7B3FABE}
		{E663FD84-AF1D-4990-B621-E48CB56494FA} = {BE36BC2C-B169-4AD3-9601-4A9F7A54A431}
		{80B8CFCD-4584-4950-89B4-2C7ECD95FF16} = {56C0126E-1C5A-436C-A8F1-92FBC7B3FABE}
		{D6AE221E-97B4-41BC-ACF6-D5C40CC41259} = {80B8CFCD-4584-4950-89B4-2C7ECD95FF16}
	EndGlobalSection
	GlobalSection(ExtensibilityGlobals) = postSolution
		SolutionGuid = {B316B915-7101-4BDA-99E4-95A6910D7D83}
	EndGlobalSection
EndGlobal
